
Microsoft Visual Studio Solution File, Format Version 12.00
# Visual Studio Version 17
VisualStudioVersion = 17.14.36429.23 d17.14
MinimumVisualStudioVersion = 10.0.40219.1
Project("{FAE04EC0-301F-11D3-BF4B-00C04F79EFBC}") = "Tarea 2 progra", "Tarea 2 progra\Tarea 2 progra.csproj", "{09632E2D-D8F8-4C20-A141-9A9C22377885}"
EndProject
Global
	GlobalSection(SolutionConfigurationPlatforms) = preSolution
		Debug|Any CPU = Debug|Any CPU
		Release|Any CPU = Release|Any CPU
	EndGlobalSection
	GlobalSection(ProjectConfigurationPlatforms) = postSolution
		{09632E2D-D8F8-4C20-A141-9A9C22377885}.Debug|Any CPU.ActiveCfg = Debug|Any CPU
		{09632E2D-D8F8-4C20-A141-9A9C22377885}.Debug|Any CPU.Build.0 = Debug|Any CPU
		{09632E2D-D8F8-4C20-A141-9A9C22377885}.Release|Any CPU.ActiveCfg = Release|Any CPU
		{09632E2D-D8F8-4C20-A141-9A9C22377885}.Release|Any CPU.Build.0 = Release|Any CPU
	EndGlobalSection
	GlobalSection(SolutionProperties) = preSolution
		HideSolutionNode = FALSE
	EndGlobalSection
	GlobalSection(ExtensibilityGlobals) = postSolution
		SolutionGuid = {B5DF761A-92D4-4454-BD1A-F0F0D3F3F0E1}
	EndGlobalSection
EndGlobal
